
Microsoft Visual Studio Solution File, Format Version 12.00
# Visual Studio Version 17
VisualStudioVersion = 17.5.002.0
MinimumVisualStudioVersion = 10.0.40219.1
Project("{9A19103F-16F7-4668-BE54-9A1E7A4F7556}") = "New folder", "New folder.csproj", "{2C051206-31CA-4431-A636-DFD975C5A919}"
EndProject
Global
	GlobalSection(SolutionConfigurationPlatforms) = preSolution
		Debug|Any CPU = Debug|Any CPU
		Release|Any CPU = Release|Any CPU
	EndGlobalSection
	GlobalSection(ProjectConfigurationPlatforms) = postSolution
		{2C051206-31CA-4431-A636-DFD975C5A919}.Debug|Any CPU.ActiveCfg = Debug|Any CPU
		{2C051206-31CA-4431-A636-DFD975C5A919}.Debug|Any CPU.Build.0 = Debug|Any CPU
		{2C051206-31CA-4431-A636-DFD975C5A919}.Release|Any CPU.ActiveCfg = Release|Any CPU
		{2C051206-31CA-4431-A636-DFD975C5A919}.Release|Any CPU.Build.0 = Release|Any CPU
	EndGlobalSection
	GlobalSection(SolutionProperties) = preSolution
		HideSolutionNode = FALSE
	EndGlobalSection
	GlobalSection(ExtensibilityGlobals) = postSolution
		SolutionGuid = {E850C740-8212-4506-A472-0239F1B8F436}
	EndGlobalSection
EndGlobal
